
Microsoft Visual Studio Solution File, Format Version 12.00
# Visual Studio Version 17
VisualStudioVersion = 17.2.32422.2
MinimumVisualStudioVersion = 10.0.40219.1
Project("{9A19103F-16F7-4668-BE54-9A1E7A4F7556}") = "ConceptosBasicos", "ConceptosBasicos.csproj", "{47A9E17A-AA56-4968-B30D-40EEEE08CEBD}"
EndProject
Global
	GlobalSection(SolutionConfigurationPlatforms) = preSolution
		Debug|Any CPU = Debug|Any CPU
		Release|Any CPU = Release|Any CPU
	EndGlobalSection
	GlobalSection(ProjectConfigurationPlatforms) = postSolution
		{47A9E17A-AA56-4968-B30D-40EEEE08CEBD}.Debug|Any CPU.ActiveCfg = Debug|Any CPU
		{47A9E17A-AA56-4968-B30D-40EEEE08CEBD}.Debug|Any CPU.Build.0 = Debug|Any CPU
		{47A9E17A-AA56-4968-B30D-40EEEE08CEBD}.Release|Any CPU.ActiveCfg = Release|Any CPU
		{47A9E17A-AA56-4968-B30D-40EEEE08CEBD}.Release|Any CPU.Build.0 = Release|Any CPU
	EndGlobalSection
	GlobalSection(SolutionProperties) = preSolution
		HideSolutionNode = FALSE
	EndGlobalSection
	GlobalSection(ExtensibilityGlobals) = postSolution
		SolutionGuid = {5EF684DE-4B6A-431A-B712-FCA28742E682}
	EndGlobalSection
EndGlobal
