
Microsoft Visual Studio Solution File, Format Version 12.00
# Visual Studio Version 17
VisualStudioVersion = 17.2.32526.322
MinimumVisualStudioVersion = 10.0.40219.1
Project("{FAE04EC0-301F-11D3-BF4B-00C04F79EFBC}") = "Constructores", "Constructores\Constructores.csproj", "{0403D1AD-8263-49B4-AFC0-A91BF193B37E}"
EndProject
Global
	GlobalSection(SolutionConfigurationPlatforms) = preSolution
		Debug|Any CPU = Debug|Any CPU
		Release|Any CPU = Release|Any CPU
	EndGlobalSection
	GlobalSection(ProjectConfigurationPlatforms) = postSolution
		{0403D1AD-8263-49B4-AFC0-A91BF193B37E}.Debug|Any CPU.ActiveCfg = Debug|Any CPU
		{0403D1AD-8263-49B4-AFC0-A91BF193B37E}.Debug|Any CPU.Build.0 = Debug|Any CPU
		{0403D1AD-8263-49B4-AFC0-A91BF193B37E}.Release|Any CPU.ActiveCfg = Release|Any CPU
		{0403D1AD-8263-49B4-AFC0-A91BF193B37E}.Release|Any CPU.Build.0 = Release|Any CPU
	EndGlobalSection
	GlobalSection(SolutionProperties) = preSolution
		HideSolutionNode = FALSE
	EndGlobalSection
	GlobalSection(ExtensibilityGlobals) = postSolution
		SolutionGuid = {B5123327-21ED-4BAF-BE63-7A20FA5B0BE0}
	EndGlobalSection
EndGlobal
