
Microsoft Visual Studio Solution File, Format Version 12.00
# Visual Studio Version 17
VisualStudioVersion = 17.0.32112.339
MinimumVisualStudioVersion = 10.0.40219.1
Project("{FAE04EC0-301F-11D3-BF4B-00C04F79EFBC}") = "Condicionales", "Condicionales\Condicionales.csproj", "{FEF19101-0B01-4FA8-B2BF-0563AFA9903F}"
EndProject
Global
	GlobalSection(SolutionConfigurationPlatforms) = preSolution
		Debug|Any CPU = Debug|Any CPU
		Release|Any CPU = Release|Any CPU
	EndGlobalSection
	GlobalSection(ProjectConfigurationPlatforms) = postSolution
		{FEF19101-0B01-4FA8-B2BF-0563AFA9903F}.Debug|Any CPU.ActiveCfg = Debug|Any CPU
		{FEF19101-0B01-4FA8-B2BF-0563AFA9903F}.Debug|Any CPU.Build.0 = Debug|Any CPU
		{FEF19101-0B01-4FA8-B2BF-0563AFA9903F}.Release|Any CPU.ActiveCfg = Release|Any CPU
		{FEF19101-0B01-4FA8-B2BF-0563AFA9903F}.Release|Any CPU.Build.0 = Release|Any CPU
	EndGlobalSection
	GlobalSection(SolutionProperties) = preSolution
		HideSolutionNode = FALSE
	EndGlobalSection
	GlobalSection(ExtensibilityGlobals) = postSolution
		SolutionGuid = {B8AEBDAA-3AEC-41C1-98B7-65C6AFFC79CD}
	EndGlobalSection
EndGlobal
