
Microsoft Visual Studio Solution File, Format Version 12.00
# Visual Studio Version 17
VisualStudioVersion = 17.2.32505.173
MinimumVisualStudioVersion = 10.0.40219.1
Project("{FAE04EC0-301F-11D3-BF4B-00C04F79EFBC}") = "Alumnitos", "Alumnitos\Alumnitos.csproj", "{4851EAA8-F56A-41FF-9A98-9DB3627BA4FB}"
EndProject
Global
	GlobalSection(SolutionConfigurationPlatforms) = preSolution
		Debug|Any CPU = Debug|Any CPU
		Release|Any CPU = Release|Any CPU
	EndGlobalSection
	GlobalSection(ProjectConfigurationPlatforms) = postSolution
		{4851EAA8-F56A-41FF-9A98-9DB3627BA4FB}.Debug|Any CPU.ActiveCfg = Debug|Any CPU
		{4851EAA8-F56A-41FF-9A98-9DB3627BA4FB}.Debug|Any CPU.Build.0 = Debug|Any CPU
		{4851EAA8-F56A-41FF-9A98-9DB3627BA4FB}.Release|Any CPU.ActiveCfg = Release|Any CPU
		{4851EAA8-F56A-41FF-9A98-9DB3627BA4FB}.Release|Any CPU.Build.0 = Release|Any CPU
	EndGlobalSection
	GlobalSection(SolutionProperties) = preSolution
		HideSolutionNode = FALSE
	EndGlobalSection
	GlobalSection(ExtensibilityGlobals) = postSolution
		SolutionGuid = {93B043F8-CCFD-4C51-A98B-71EECF13F690}
	EndGlobalSection
EndGlobal
