
Microsoft Visual Studio Solution File, Format Version 12.00
# Visual Studio Version 17
VisualStudioVersion = 17.3.32728.150
MinimumVisualStudioVersion = 10.0.40219.1
Project("{FAE04EC0-301F-11D3-BF4B-00C04F79EFBC}") = "Clase27-AdoNet", "Clase27-AdoNet\Clase27-AdoNet.csproj", "{1E3B6F58-AE7E-4DAD-9605-8539323BB7EF}"
EndProject
Global
	GlobalSection(SolutionConfigurationPlatforms) = preSolution
		Debug|Any CPU = Debug|Any CPU
		Release|Any CPU = Release|Any CPU
	EndGlobalSection
	GlobalSection(ProjectConfigurationPlatforms) = postSolution
		{1E3B6F58-AE7E-4DAD-9605-8539323BB7EF}.Debug|Any CPU.ActiveCfg = Debug|Any CPU
		{1E3B6F58-AE7E-4DAD-9605-8539323BB7EF}.Debug|Any CPU.Build.0 = Debug|Any CPU
		{1E3B6F58-AE7E-4DAD-9605-8539323BB7EF}.Release|Any CPU.ActiveCfg = Release|Any CPU
		{1E3B6F58-AE7E-4DAD-9605-8539323BB7EF}.Release|Any CPU.Build.0 = Release|Any CPU
	EndGlobalSection
	GlobalSection(SolutionProperties) = preSolution
		HideSolutionNode = FALSE
	EndGlobalSection
	GlobalSection(ExtensibilityGlobals) = postSolution
		SolutionGuid = {98AFA983-1207-4929-8236-706F1EB9A3B2}
	EndGlobalSection
EndGlobal
