
Microsoft Visual Studio Solution File, Format Version 12.00
# Visual Studio Version 17
VisualStudioVersion = 17.2.32422.2
MinimumVisualStudioVersion = 10.0.40219.1
Project("{9A19103F-16F7-4668-BE54-9A1E7A4F7556}") = "Calculo", "Calculo.csproj", "{C72A5D68-E1C5-48E1-97C9-F11BB98FBDB4}"
EndProject
Global
	GlobalSection(SolutionConfigurationPlatforms) = preSolution
		Debug|Any CPU = Debug|Any CPU
		Release|Any CPU = Release|Any CPU
	EndGlobalSection
	GlobalSection(ProjectConfigurationPlatforms) = postSolution
		{C72A5D68-E1C5-48E1-97C9-F11BB98FBDB4}.Debug|Any CPU.ActiveCfg = Debug|Any CPU
		{C72A5D68-E1C5-48E1-97C9-F11BB98FBDB4}.Debug|Any CPU.Build.0 = Debug|Any CPU
		{C72A5D68-E1C5-48E1-97C9-F11BB98FBDB4}.Release|Any CPU.ActiveCfg = Release|Any CPU
		{C72A5D68-E1C5-48E1-97C9-F11BB98FBDB4}.Release|Any CPU.Build.0 = Release|Any CPU
	EndGlobalSection
	GlobalSection(SolutionProperties) = preSolution
		HideSolutionNode = FALSE
	EndGlobalSection
	GlobalSection(ExtensibilityGlobals) = postSolution
		SolutionGuid = {42D82543-BDC4-4B30-A500-2401754ED072}
	EndGlobalSection
EndGlobal
