
Microsoft Visual Studio Solution File, Format Version 12.00
# Visual Studio Version 17
VisualStudioVersion = 17.3.32728.150
MinimumVisualStudioVersion = 10.0.40219.1
Project("{FAE04EC0-301F-11D3-BF4B-00C04F79EFBC}") = "EF-DatabaseFirst", "EF-DatabaseFirst\EF-DatabaseFirst.csproj", "{758C7D23-9F22-4A08-B7CE-17FB4AED3907}"
EndProject
Global
	GlobalSection(SolutionConfigurationPlatforms) = preSolution
		Debug|Any CPU = Debug|Any CPU
		Release|Any CPU = Release|Any CPU
	EndGlobalSection
	GlobalSection(ProjectConfigurationPlatforms) = postSolution
		{758C7D23-9F22-4A08-B7CE-17FB4AED3907}.Debug|Any CPU.ActiveCfg = Debug|Any CPU
		{758C7D23-9F22-4A08-B7CE-17FB4AED3907}.Debug|Any CPU.Build.0 = Debug|Any CPU
		{758C7D23-9F22-4A08-B7CE-17FB4AED3907}.Release|Any CPU.ActiveCfg = Release|Any CPU
		{758C7D23-9F22-4A08-B7CE-17FB4AED3907}.Release|Any CPU.Build.0 = Release|Any CPU
	EndGlobalSection
	GlobalSection(SolutionProperties) = preSolution
		HideSolutionNode = FALSE
	EndGlobalSection
	GlobalSection(ExtensibilityGlobals) = postSolution
		SolutionGuid = {8918350A-9B5C-4C07-882C-21D804927E09}
	EndGlobalSection
EndGlobal
