
Microsoft Visual Studio Solution File, Format Version 12.00
# Visual Studio Version 17
VisualStudioVersion = 17.2.32516.85
MinimumVisualStudioVersion = 10.0.40219.1
Project("{9A19103F-16F7-4668-BE54-9A1E7A4F7556}") = "Clase8", "Clase8.csproj", "{A475A868-3B90-4EC3-A394-D772F263DF26}"
EndProject
Global
	GlobalSection(SolutionConfigurationPlatforms) = preSolution
		Debug|Any CPU = Debug|Any CPU
		Release|Any CPU = Release|Any CPU
	EndGlobalSection
	GlobalSection(ProjectConfigurationPlatforms) = postSolution
		{A475A868-3B90-4EC3-A394-D772F263DF26}.Debug|Any CPU.ActiveCfg = Debug|Any CPU
		{A475A868-3B90-4EC3-A394-D772F263DF26}.Debug|Any CPU.Build.0 = Debug|Any CPU
		{A475A868-3B90-4EC3-A394-D772F263DF26}.Release|Any CPU.ActiveCfg = Release|Any CPU
		{A475A868-3B90-4EC3-A394-D772F263DF26}.Release|Any CPU.Build.0 = Release|Any CPU
	EndGlobalSection
	GlobalSection(SolutionProperties) = preSolution
		HideSolutionNode = FALSE
	EndGlobalSection
	GlobalSection(ExtensibilityGlobals) = postSolution
		SolutionGuid = {67553962-4968-488D-A4B1-C48FACD1A924}
	EndGlobalSection
EndGlobal
