
Microsoft Visual Studio Solution File, Format Version 12.00
# Visual Studio Version 17
VisualStudioVersion = 17.3.32811.315
MinimumVisualStudioVersion = 10.0.40219.1
Project("{FAE04EC0-301F-11D3-BF4B-00C04F79EFBC}") = "EF-CodeFirst", "EF-CodeFirst\EF-CodeFirst.csproj", "{CADF058B-3C68-457A-8F6D-6BA186B93D74}"
EndProject
Global
	GlobalSection(SolutionConfigurationPlatforms) = preSolution
		Debug|Any CPU = Debug|Any CPU
		Release|Any CPU = Release|Any CPU
	EndGlobalSection
	GlobalSection(ProjectConfigurationPlatforms) = postSolution
		{CADF058B-3C68-457A-8F6D-6BA186B93D74}.Debug|Any CPU.ActiveCfg = Debug|Any CPU
		{CADF058B-3C68-457A-8F6D-6BA186B93D74}.Debug|Any CPU.Build.0 = Debug|Any CPU
		{CADF058B-3C68-457A-8F6D-6BA186B93D74}.Release|Any CPU.ActiveCfg = Release|Any CPU
		{CADF058B-3C68-457A-8F6D-6BA186B93D74}.Release|Any CPU.Build.0 = Release|Any CPU
	EndGlobalSection
	GlobalSection(SolutionProperties) = preSolution
		HideSolutionNode = FALSE
	EndGlobalSection
	GlobalSection(ExtensibilityGlobals) = postSolution
		SolutionGuid = {15D086C9-39AD-49E2-9631-90F3B4858A5F}
	EndGlobalSection
EndGlobal
