
Microsoft Visual Studio Solution File, Format Version 12.00
# Visual Studio Version 17
VisualStudioVersion = 17.2.32526.322
MinimumVisualStudioVersion = 10.0.40219.1
Project("{9A19103F-16F7-4668-BE54-9A1E7A4F7556}") = "Clase14", "Clase14.csproj", "{B592C643-C84D-438D-A372-A8A173B7FF57}"
EndProject
Global
	GlobalSection(SolutionConfigurationPlatforms) = preSolution
		Debug|Any CPU = Debug|Any CPU
		Release|Any CPU = Release|Any CPU
	EndGlobalSection
	GlobalSection(ProjectConfigurationPlatforms) = postSolution
		{B592C643-C84D-438D-A372-A8A173B7FF57}.Debug|Any CPU.ActiveCfg = Debug|Any CPU
		{B592C643-C84D-438D-A372-A8A173B7FF57}.Debug|Any CPU.Build.0 = Debug|Any CPU
		{B592C643-C84D-438D-A372-A8A173B7FF57}.Release|Any CPU.ActiveCfg = Release|Any CPU
		{B592C643-C84D-438D-A372-A8A173B7FF57}.Release|Any CPU.Build.0 = Release|Any CPU
	EndGlobalSection
	GlobalSection(SolutionProperties) = preSolution
		HideSolutionNode = FALSE
	EndGlobalSection
	GlobalSection(ExtensibilityGlobals) = postSolution
		SolutionGuid = {CC21157D-5D51-4DBA-8330-DCE6D2852F6B}
	EndGlobalSection
EndGlobal
