
Microsoft Visual Studio Solution File, Format Version 12.00
# Visual Studio Version 17
VisualStudioVersion = 17.2.32516.85
MinimumVisualStudioVersion = 10.0.40219.1
Project("{9A19103F-16F7-4668-BE54-9A1E7A4F7556}") = "Corrección 27-05-2022", "Corrección 27-05-2022.csproj", "{71B1F883-4ED2-416C-89F1-9B3FC885EB44}"
EndProject
Global
	GlobalSection(SolutionConfigurationPlatforms) = preSolution
		Debug|Any CPU = Debug|Any CPU
		Release|Any CPU = Release|Any CPU
	EndGlobalSection
	GlobalSection(ProjectConfigurationPlatforms) = postSolution
		{71B1F883-4ED2-416C-89F1-9B3FC885EB44}.Debug|Any CPU.ActiveCfg = Debug|Any CPU
		{71B1F883-4ED2-416C-89F1-9B3FC885EB44}.Debug|Any CPU.Build.0 = Debug|Any CPU
		{71B1F883-4ED2-416C-89F1-9B3FC885EB44}.Release|Any CPU.ActiveCfg = Release|Any CPU
		{71B1F883-4ED2-416C-89F1-9B3FC885EB44}.Release|Any CPU.Build.0 = Release|Any CPU
	EndGlobalSection
	GlobalSection(SolutionProperties) = preSolution
		HideSolutionNode = FALSE
	EndGlobalSection
	GlobalSection(ExtensibilityGlobals) = postSolution
		SolutionGuid = {BE9D4FBF-BDE1-4A9F-82B5-9B71F9B55CE5}
	EndGlobalSection
EndGlobal
