
Microsoft Visual Studio Solution File, Format Version 12.00
# Visual Studio Version 17
VisualStudioVersion = 17.1.32421.90
MinimumVisualStudioVersion = 10.0.40219.1
Project("{9A19103F-16F7-4668-BE54-9A1E7A4F7556}") = "Clase6", "Clase6.csproj", "{96DB606B-1B61-4AFD-9997-17DDE9E9EB9F}"
EndProject
Global
	GlobalSection(SolutionConfigurationPlatforms) = preSolution
		Debug|Any CPU = Debug|Any CPU
		Release|Any CPU = Release|Any CPU
	EndGlobalSection
	GlobalSection(ProjectConfigurationPlatforms) = postSolution
		{96DB606B-1B61-4AFD-9997-17DDE9E9EB9F}.Debug|Any CPU.ActiveCfg = Debug|Any CPU
		{96DB606B-1B61-4AFD-9997-17DDE9E9EB9F}.Debug|Any CPU.Build.0 = Debug|Any CPU
		{96DB606B-1B61-4AFD-9997-17DDE9E9EB9F}.Release|Any CPU.ActiveCfg = Release|Any CPU
		{96DB606B-1B61-4AFD-9997-17DDE9E9EB9F}.Release|Any CPU.Build.0 = Release|Any CPU
	EndGlobalSection
	GlobalSection(SolutionProperties) = preSolution
		HideSolutionNode = FALSE
	EndGlobalSection
	GlobalSection(ExtensibilityGlobals) = postSolution
		SolutionGuid = {B969246A-F0C4-4521-9AA2-DB10540E2ADF}
	EndGlobalSection
EndGlobal
