
Microsoft Visual Studio Solution File, Format Version 12.00
# Visual Studio Version 17
VisualStudioVersion = 17.3.32611.2
MinimumVisualStudioVersion = 10.0.40219.1
Project("{FAE04EC0-301F-11D3-BF4B-00C04F79EFBC}") = "Billetera", "Billetera\Billetera.csproj", "{7F6C4501-F32D-4117-BD43-25C48DDFD426}"
EndProject
Global
	GlobalSection(SolutionConfigurationPlatforms) = preSolution
		Debug|Any CPU = Debug|Any CPU
		Release|Any CPU = Release|Any CPU
	EndGlobalSection
	GlobalSection(ProjectConfigurationPlatforms) = postSolution
		{7F6C4501-F32D-4117-BD43-25C48DDFD426}.Debug|Any CPU.ActiveCfg = Debug|Any CPU
		{7F6C4501-F32D-4117-BD43-25C48DDFD426}.Debug|Any CPU.Build.0 = Debug|Any CPU
		{7F6C4501-F32D-4117-BD43-25C48DDFD426}.Release|Any CPU.ActiveCfg = Release|Any CPU
		{7F6C4501-F32D-4117-BD43-25C48DDFD426}.Release|Any CPU.Build.0 = Release|Any CPU
	EndGlobalSection
	GlobalSection(SolutionProperties) = preSolution
		HideSolutionNode = FALSE
	EndGlobalSection
	GlobalSection(ExtensibilityGlobals) = postSolution
		SolutionGuid = {DAC8B849-38E8-498F-BEAD-1FD2958FF572}
	EndGlobalSection
EndGlobal
