
Microsoft Visual Studio Solution File, Format Version 12.00
# Visual Studio Version 17
VisualStudioVersion = 17.2.32526.322
MinimumVisualStudioVersion = 10.0.40219.1
Project("{9A19103F-16F7-4668-BE54-9A1E7A4F7556}") = "Clase13", "Clase13.csproj", "{D70BF64F-068D-4324-B74C-E387922A65CE}"
EndProject
Global
	GlobalSection(SolutionConfigurationPlatforms) = preSolution
		Debug|Any CPU = Debug|Any CPU
		Release|Any CPU = Release|Any CPU
	EndGlobalSection
	GlobalSection(ProjectConfigurationPlatforms) = postSolution
		{D70BF64F-068D-4324-B74C-E387922A65CE}.Debug|Any CPU.ActiveCfg = Debug|Any CPU
		{D70BF64F-068D-4324-B74C-E387922A65CE}.Debug|Any CPU.Build.0 = Debug|Any CPU
		{D70BF64F-068D-4324-B74C-E387922A65CE}.Release|Any CPU.ActiveCfg = Release|Any CPU
		{D70BF64F-068D-4324-B74C-E387922A65CE}.Release|Any CPU.Build.0 = Release|Any CPU
	EndGlobalSection
	GlobalSection(SolutionProperties) = preSolution
		HideSolutionNode = FALSE
	EndGlobalSection
	GlobalSection(ExtensibilityGlobals) = postSolution
		SolutionGuid = {2C7FA0F2-289E-431D-9ABA-98B763D15BB2}
	EndGlobalSection
EndGlobal
