
Microsoft Visual Studio Solution File, Format Version 12.00
# Visual Studio Version 17
VisualStudioVersion = 17.2.32422.2
MinimumVisualStudioVersion = 10.0.40219.1
Project("{9A19103F-16F7-4668-BE54-9A1E7A4F7556}") = "Clase3", "Clase3.csproj", "{93590F8F-7F37-4216-966F-C9B3CC6C838A}"
EndProject
Global
	GlobalSection(SolutionConfigurationPlatforms) = preSolution
		Debug|Any CPU = Debug|Any CPU
		Release|Any CPU = Release|Any CPU
	EndGlobalSection
	GlobalSection(ProjectConfigurationPlatforms) = postSolution
		{93590F8F-7F37-4216-966F-C9B3CC6C838A}.Debug|Any CPU.ActiveCfg = Debug|Any CPU
		{93590F8F-7F37-4216-966F-C9B3CC6C838A}.Debug|Any CPU.Build.0 = Debug|Any CPU
		{93590F8F-7F37-4216-966F-C9B3CC6C838A}.Release|Any CPU.ActiveCfg = Release|Any CPU
		{93590F8F-7F37-4216-966F-C9B3CC6C838A}.Release|Any CPU.Build.0 = Release|Any CPU
	EndGlobalSection
	GlobalSection(SolutionProperties) = preSolution
		HideSolutionNode = FALSE
	EndGlobalSection
	GlobalSection(ExtensibilityGlobals) = postSolution
		SolutionGuid = {44BB99A7-5665-4C9B-ABCC-25D5160F6276}
	EndGlobalSection
EndGlobal
