
Microsoft Visual Studio Solution File, Format Version 12.00
# Visual Studio Version 17
VisualStudioVersion = 17.0.32112.339
MinimumVisualStudioVersion = 10.0.40219.1
Project("{FAE04EC0-301F-11D3-BF4B-00C04F79EFBC}") = "Matrices", "Matrices\Matrices.csproj", "{F62B5B20-F48C-4DAE-A1B7-4A2BCEADB8B5}"
EndProject
Global
	GlobalSection(SolutionConfigurationPlatforms) = preSolution
		Debug|Any CPU = Debug|Any CPU
		Release|Any CPU = Release|Any CPU
	EndGlobalSection
	GlobalSection(ProjectConfigurationPlatforms) = postSolution
		{F62B5B20-F48C-4DAE-A1B7-4A2BCEADB8B5}.Debug|Any CPU.ActiveCfg = Debug|Any CPU
		{F62B5B20-F48C-4DAE-A1B7-4A2BCEADB8B5}.Debug|Any CPU.Build.0 = Debug|Any CPU
		{F62B5B20-F48C-4DAE-A1B7-4A2BCEADB8B5}.Release|Any CPU.ActiveCfg = Release|Any CPU
		{F62B5B20-F48C-4DAE-A1B7-4A2BCEADB8B5}.Release|Any CPU.Build.0 = Release|Any CPU
	EndGlobalSection
	GlobalSection(SolutionProperties) = preSolution
		HideSolutionNode = FALSE
	EndGlobalSection
	GlobalSection(ExtensibilityGlobals) = postSolution
		SolutionGuid = {4B57D6DC-3731-4EB7-894E-C54BE3A7DBF2}
	EndGlobalSection
EndGlobal
