
Microsoft Visual Studio Solution File, Format Version 12.00
# Visual Studio Version 17
VisualStudioVersion = 17.2.32505.173
MinimumVisualStudioVersion = 10.0.40219.1
Project("{FAE04EC0-301F-11D3-BF4B-00C04F79EFBC}") = "Clase6", "Clase6\Clase6.csproj", "{DE09DE5F-F218-4A5D-A55D-962E1C16A4B2}"
EndProject
Global
	GlobalSection(SolutionConfigurationPlatforms) = preSolution
		Debug|Any CPU = Debug|Any CPU
		Release|Any CPU = Release|Any CPU
	EndGlobalSection
	GlobalSection(ProjectConfigurationPlatforms) = postSolution
		{DE09DE5F-F218-4A5D-A55D-962E1C16A4B2}.Debug|Any CPU.ActiveCfg = Debug|Any CPU
		{DE09DE5F-F218-4A5D-A55D-962E1C16A4B2}.Debug|Any CPU.Build.0 = Debug|Any CPU
		{DE09DE5F-F218-4A5D-A55D-962E1C16A4B2}.Release|Any CPU.ActiveCfg = Release|Any CPU
		{DE09DE5F-F218-4A5D-A55D-962E1C16A4B2}.Release|Any CPU.Build.0 = Release|Any CPU
	EndGlobalSection
	GlobalSection(SolutionProperties) = preSolution
		HideSolutionNode = FALSE
	EndGlobalSection
	GlobalSection(ExtensibilityGlobals) = postSolution
		SolutionGuid = {2A1C17A5-2F2B-4CA0-BF7D-556ACAEA13FD}
	EndGlobalSection
EndGlobal
